
Microsoft Visual Studio Solution File, Format Version 12.00
# Visual Studio Version 17
VisualStudioVersion = 17.5.002.0
MinimumVisualStudioVersion = 10.0.40219.1
Project("{9A19103F-16F7-4668-BE54-9A1E7A4F7556}") = "my-server", "my-server.csproj", "{147B55AA-0930-44F2-A0AA-612111BF8176}"
EndProject
Global
	GlobalSection(SolutionConfigurationPlatforms) = preSolution
		Debug|Any CPU = Debug|Any CPU
		Release|Any CPU = Release|Any CPU
	EndGlobalSection
	GlobalSection(ProjectConfigurationPlatforms) = postSolution
		{147B55AA-0930-44F2-A0AA-612111BF8176}.Debug|Any CPU.ActiveCfg = Debug|Any CPU
		{147B55AA-0930-44F2-A0AA-612111BF8176}.Debug|Any CPU.Build.0 = Debug|Any CPU
		{147B55AA-0930-44F2-A0AA-612111BF8176}.Release|Any CPU.ActiveCfg = Release|Any CPU
		{147B55AA-0930-44F2-A0AA-612111BF8176}.Release|Any CPU.Build.0 = Release|Any CPU
	EndGlobalSection
	GlobalSection(SolutionProperties) = preSolution
		HideSolutionNode = FALSE
	EndGlobalSection
	GlobalSection(ExtensibilityGlobals) = postSolution
		SolutionGuid = {E2B3B14C-DA9F-4F14-A0EB-0DD2071AD7A3}
	EndGlobalSection
EndGlobal
